
Microsoft Visual Studio Solution File, Format Version 12.00
# Visual Studio Version 16
VisualStudioVersion = 16.0.30517.126
MinimumVisualStudioVersion = 10.0.40219.1
Project("{FAE04EC0-301F-11D3-BF4B-00C04F79EFBC}") = "labo1_parte2_gitInVS", "labo1_parte2_gitInVS\labo1_parte2_gitInVS.csproj", "{3888376A-22FF-425D-904F-891C785AF68E}"
EndProject
Global
	GlobalSection(SolutionConfigurationPlatforms) = preSolution
		Debug|Any CPU = Debug|Any CPU
		Release|Any CPU = Release|Any CPU
	EndGlobalSection
	GlobalSection(ProjectConfigurationPlatforms) = postSolution
		{3888376A-22FF-425D-904F-891C785AF68E}.Debug|Any CPU.ActiveCfg = Debug|Any CPU
		{3888376A-22FF-425D-904F-891C785AF68E}.Debug|Any CPU.Build.0 = Debug|Any CPU
		{3888376A-22FF-425D-904F-891C785AF68E}.Release|Any CPU.ActiveCfg = Release|Any CPU
		{3888376A-22FF-425D-904F-891C785AF68E}.Release|Any CPU.Build.0 = Release|Any CPU
	EndGlobalSection
	GlobalSection(SolutionProperties) = preSolution
		HideSolutionNode = FALSE
	EndGlobalSection
	GlobalSection(ExtensibilityGlobals) = postSolution
		SolutionGuid = {F0685BB9-355F-43B2-B0BB-696080D9B388}
	EndGlobalSection
EndGlobal
